Microsoft Visual Studio Solution File, Format Version 11.00
# Visual Studio 2008

Project("{5F28E090-6657-DEC6-D8D2-E8F8FC61278A}") = "connected_worlds", "Assembly-CSharp.csproj", "{CD3C0685-57D9-551D-992C-E0F3F419913D}"
EndProject
Global
	GlobalSection(SolutionConfigurationPlatforms) = preSolution
		Debug|Any CPU = Debug|Any CPU
		Release|Any CPU = Release|Any CPU
	EndGlobalSection
	GlobalSection(ProjectConfigurationPlatforms) = postSolution
		{CD3C0685-57D9-551D-992C-E0F3F419913D}.Debug|Any CPU.ActiveCfg = Debug|Any CPU
		{CD3C0685-57D9-551D-992C-E0F3F419913D}.Debug|Any CPU.Build.0 = Debug|Any CPU
		{CD3C0685-57D9-551D-992C-E0F3F419913D}.Release|Any CPU.ActiveCfg = Release|Any CPU
		{CD3C0685-57D9-551D-992C-E0F3F419913D}.Release|Any CPU.Build.0 = Release|Any CPU
	EndGlobalSection
	GlobalSection(SolutionProperties) = preSolution
		HideSolutionNode = FALSE
	EndGlobalSection
				GlobalSection(MonoDevelopProperties) = preSolution
		StartupItem = Assembly-CSharp.csproj
		Policies = $0
		$0.TextStylePolicy = $1
		$1.inheritsSet = null
		$1.scope = text/x-csharp
		$0.CSharpFormattingPolicy = $2
		$2.inheritsSet = Mono
		$2.inheritsScope = text/x-csharp
		$2.scope = text/x-csharp
		$0.TextStylePolicy = $3
		$3.FileWidth = 120
		$3.TabWidth = 4
		$3.EolMarker = Unix
		$3.inheritsSet = Mono
		$3.inheritsScope = text/plain
		$3.scope = text/plain
	EndGlobalSection

EndGlobal
